// !$*UTF8*$!
{
	archiveVersion = 1;
	classes = {
	};
	objectVersion = 46;
	objects = {

/* Begin PBXBuildFile section */
		57A4F1701BC91F8200BB72D4 /* main.m in Sources */ = {isa = PBXBuildFile; fileRef = 57A4F16F1BC91F8200BB72D4 /* main.m */; };
		57A4F1731BC91F8200BB72D4 /* AppDelegate.m in Sources */ = {isa = PBXBuildFile; fileRef = 57A4F1721BC91F8200BB72D4 /* AppDelegate.m */; };
		57A4F1791BC91F8200BB72D4 /* Main.storyboard in Resources */ = {isa = PBXBuildFile; fileRef = 57A4F1771BC91F8200BB72D4 /* Main.storyboard */; };
		57A4F17B1BC91F8200BB72D4 /* Assets.xcassets in Resources */ = {isa = PBXBuildFile; fileRef = 57A4F17A1BC91F8200BB72D4 /* Assets.xcassets */; };
		57A4F17E1BC91F8200BB72D4 /* LaunchScreen.storyboard in Resources */ = {isa = PBXBuildFile; fileRef = 57A4F17C1BC91F8200BB72D4 /* LaunchScreen.storyboard */; };
		57A4F1891BC91F8200BB72D4 /* SmallDayTests.m in Sources */ = {isa = PBXBuildFile; fileRef = 57A4F1881BC91F8200BB72D4 /* SmallDayTests.m */; };
		57A4F1941BC91F8200BB72D4 /* SmallDayUITests.m in Sources */ = {isa = PBXBuildFile; fileRef = 57A4F1931BC91F8200BB72D4 /* SmallDayUITests.m */; };
		57A4F1A91BCB49A600BB72D4 /* WUBaseViewController.m in Sources */ = {isa = PBXBuildFile; fileRef = 57A4F1A81BCB49A600BB72D4 /* WUBaseViewController.m */; settings = {ASSET_TAGS = (); }; };
		BE8D0F928AE44F194A4D0FA6 /* libPods.a in Frameworks */ = {isa = PBXBuildFile; fileRef = A997B3CFE4847447731E48F4 /* libPods.a */; };
/* End PBXBuildFile section */

/* Begin PBXContainerItemProxy section */
		57A4F1851BC91F8200BB72D4 /* PBXContainerItemProxy */ = {
			isa = PBXContainerItemProxy;
			containerPortal = 57A4F1631BC91F8200BB72D4 /* Project object */;
			proxyType = 1;
			remoteGlobalIDString = 57A4F16A1BC91F8200BB72D4;
			remoteInfo = SmallDay;
		};
		57A4F1901BC91F8200BB72D4 /* PBXContainerItemProxy */ = {
			isa = PBXContainerItemProxy;
			containerPortal = 57A4F1631BC91F8200BB72D4 /* Project object */;
			proxyType = 1;
			remoteGlobalIDString = 57A4F16A1BC91F8200BB72D4;
			remoteInfo = SmallDay;
		};
/* End PBXContainerItemProxy section */

/* Begin PBXFileReference section */
		19BB5DF0D0B25747D507C748 /* Pods.release.xcconfig */ = {isa = PBXFileReference; includeInIndex = 1; lastKnownFileType = text.xcconfig; name = Pods.release.xcconfig; path = "Pods/Target Support Files/Pods/Pods.release.xcconfig"; sourceTree = "<group>"; };
		57A4F16B1BC91F8200BB72D4 /* SmallDay.app */ = {isa = PBXFileReference; explicitFileType = wrapper.application; includeInIndex = 0; path = SmallDay.app; sourceTree = BUILT_PRODUCTS_DIR; };
		57A4F16F1BC91F8200BB72D4 /* main.m */ = {isa = PBXFileReference; lastKnownFileType = sourcecode.c.objc; path = main.m; sourceTree = "<group>"; };
		57A4F1711BC91F8200BB72D4 /* AppDelegate.h */ = {isa = PBXFileReference; lastKnownFileType = sourcecode.c.h; path = AppDelegate.h; sourceTree = "<group>"; };
		57A4F1721BC91F8200BB72D4 /* AppDelegate.m */ = {isa = PBXFileReference; lastKnownFileType = sourcecode.c.objc; path = AppDelegate.m; sourceTree = "<group>"; };
		57A4F1781BC91F8200BB72D4 /* Base */ = {isa = PBXFileReference; lastKnownFileType = file.storyboard; name = Base; path = Base.lproj/Main.storyboard; sourceTree = "<group>"; };
		57A4F17A1BC91F8200BB72D4 /* Assets.xcassets */ = {isa = PBXFileReference; lastKnownFileType = folder.assetcatalog; path = Assets.xcassets; sourceTree = "<group>"; };
		57A4F17D1BC91F8200BB72D4 /* Base */ = {isa = PBXFileReference; lastKnownFileType = file.storyboard; name = Base; path = Base.lproj/LaunchScreen.storyboard; sourceTree = "<group>"; };
		57A4F17F1BC91F8200BB72D4 /* Info.plist */ = {isa = PBXFileReference; lastKnownFileType = text.plist.xml; path = Info.plist; sourceTree = "<group>"; };
		57A4F1841BC91F8200BB72D4 /* SmallDayTests.xctest */ = {isa = PBXFileReference; explicitFileType = wrapper.cfbundle; includeInIndex = 0; path = SmallDayTests.xctest; sourceTree = BUILT_PRODUCTS_DIR; };
		57A4F1881BC91F8200BB72D4 /* SmallDayTests.m */ = {isa = PBXFileReference; lastKnownFileType = sourcecode.c.objc; path = SmallDayTests.m; sourceTree = "<group>"; };
		57A4F18A1BC91F8200BB72D4 /* Info.plist */ = {isa = PBXFileReference; lastKnownFileType = text.plist.xml; path = Info.plist; sourceTree = "<group>"; };
		57A4F18F1BC91F8200BB72D4 /* SmallDayUITests.xctest */ = {isa = PBXFileReference; explicitFileType = wrapper.cfbundle; includeInIndex = 0; path = SmallDayUITests.xctest; sourceTree = BUILT_PRODUCTS_DIR; };
		57A4F1931BC91F8200BB72D4 /* SmallDayUITests.m */ = {isa = PBXFileReference; lastKnownFileType = sourcecode.c.objc; path = SmallDayUITests.m; sourceTree = "<group>"; };
		57A4F1951BC91F8200BB72D4 /* Info.plist */ = {isa = PBXFileReference; lastKnownFileType = text.plist.xml; path = Info.plist; sourceTree = "<group>"; };
		57A4F1A71BCB49A600BB72D4 /* WUBaseViewController.h */ = {isa = PBXFileReference; fileEncoding = 4; lastKnownFileType = sourcecode.c.h; path = WUBaseViewController.h; sourceTree = "<group>"; };
		57A4F1A81BCB49A600BB72D4 /* WUBaseViewController.m */ = {isa = PBXFileReference; fileEncoding = 4; lastKnownFileType = sourcecode.c.objc; path = WUBaseViewController.m; sourceTree = "<group>"; };
		7AE2413D3BB25E273E40A516 /* Pods.debug.xcconfig */ = {isa = PBXFileReference; includeInIndex = 1; lastKnownFileType = text.xcconfig; name = Pods.debug.xcconfig; path = "Pods/Target Support Files/Pods/Pods.debug.xcconfig"; sourceTree = "<group>"; };
		A997B3CFE4847447731E48F4 /* libPods.a */ = {isa = PBXFileReference; explicitFileType = archive.ar; includeInIndex = 0; path = libPods.a; sourceTree = BUILT_PRODUCTS_DIR; };
/* End PBXFileReference section */

/* Begin PBXFrameworksBuildPhase section */
		57A4F1681BC91F8200BB72D4 /* Frameworks */ = {
			isa = PBXFrameworksBuildPhase;
			buildActionMask = 2147483647;
			files = (
				BE8D0F928AE44F194A4D0FA6 /* libPods.a in Frameworks */,
			);
			runOnlyForDeploymentPostprocessing = 0;
		};
		57A4F1811BC91F8200BB72D4 /* Frameworks */ = {
			isa = PBXFrameworksBuildPhase;
			buildActionMask = 2147483647;
			files = (
			);
			runOnlyForDeploymentPostprocessing = 0;
		};
		57A4F18C1BC91F8200BB72D4 /* Frameworks */ = {
			isa = PBXFrameworksBuildPhase;
			buildActionMask = 2147483647;
			files = (
			);
			runOnlyForDeploymentPostprocessing = 0;
		};
/* End PBXFrameworksBuildPhase section */

/* Begin PBXGroup section */
		57A4F1621BC91F8200BB72D4 = {
			isa = PBXGroup;
			children = (
				57A4F16D1BC91F8200BB72D4 /* SmallDay */,
				57A4F1871BC91F8200BB72D4 /* SmallDayTests */,
				57A4F1921BC91F8200BB72D4 /* SmallDayUITests */,
				57A4F16C1BC91F8200BB72D4 /* Products */,
				7B4517833B414A7AC599D335 /* Pods */,
				794C35F6235D11121BECA389 /* Frameworks */,
			);
			sourceTree = "<group>";
		};
		57A4F16C1BC91F8200BB72D4 /* Products */ = {
			isa = PBXGroup;
			children = (
				57A4F16B1BC91F8200BB72D4 /* SmallDay.app */,
				57A4F1841BC91F8200BB72D4 /* SmallDayTests.xctest */,
				57A4F18F1BC91F8200BB72D4 /* SmallDayUITests.xctest */,
			);
			name = Products;
			sourceTree = "<group>";
		};
		57A4F16D1BC91F8200BB72D4 /* SmallDay */ = {
			isa = PBXGroup;
			children = (
				57A4F1711BC91F8200BB72D4 /* AppDelegate.h */,
				57A4F1721BC91F8200BB72D4 /* AppDelegate.m */,
				57A4F1A11BCB47DA00BB72D4 /* Base */,
				57A4F1A41BCB47DA00BB72D4 /* Explore(探店) */,
				57A4F1A31BCB47DA00BB72D4 /* Experience(体验) */,
				57A4F1A21BCB47DA00BB72D4 /* Classify(分类) */,
				57A4F1A51BCB47DA00BB72D4 /* My(我的) */,
				57A4F1A61BCB47DA00BB72D4 /* Tools */,
				57A4F1771BC91F8200BB72D4 /* Main.storyboard */,
				57A4F17A1BC91F8200BB72D4 /* Assets.xcassets */,
				57A4F17C1BC91F8200BB72D4 /* LaunchScreen.storyboard */,
				57A4F17F1BC91F8200BB72D4 /* Info.plist */,
				57A4F16E1BC91F8200BB72D4 /* Supporting Files */,
			);
			path = SmallDay;
			sourceTree = "<group>";
		};
		57A4F16E1BC91F8200BB72D4 /* Supporting Files */ = {
			isa = PBXGroup;
			children = (
				57A4F16F1BC91F8200BB72D4 /* main.m */,
			);
			name = "Supporting Files";
			sourceTree = "<group>";
		};
		57A4F1871BC91F8200BB72D4 /* SmallDayTests */ = {
			isa = PBXGroup;
			children = (
				57A4F1881BC91F8200BB72D4 /* SmallDayTests.m */,
				57A4F18A1BC91F8200BB72D4 /* Info.plist */,
			);
			path = SmallDayTests;
			sourceTree = "<group>";
		};
		57A4F1921BC91F8200BB72D4 /* SmallDayUITests */ = {
			isa = PBXGroup;
			children = (
				57A4F1931BC91F8200BB72D4 /* SmallDayUITests.m */,
				57A4F1951BC91F8200BB72D4 /* Info.plist */,
			);
			path = SmallDayUITests;
			sourceTree = "<group>";
		};
		57A4F1A11BCB47DA00BB72D4 /* Base */ = {
			isa = PBXGroup;
			children = (
				57A4F1A71BCB49A600BB72D4 /* WUBaseViewController.h */,
				57A4F1A81BCB49A600BB72D4 /* WUBaseViewController.m */,
			);
			path = Base;
			sourceTree = "<group>";
		};
		57A4F1A21BCB47DA00BB72D4 /* Classify(分类) */ = {
			isa = PBXGroup;
			children = (
			);
			name = "Classify(分类)";
			path = Classify;
			sourceTree = "<group>";
		};
		57A4F1A31BCB47DA00BB72D4 /* Experience(体验) */ = {
			isa = PBXGroup;
			children = (
			);
			name = "Experience(体验)";
			path = Experience;
			sourceTree = "<group>";
		};
		57A4F1A41BCB47DA00BB72D4 /* Explore(探店) */ = {
			isa = PBXGroup;
			children = (
			);
			name = "Explore(探店)";
			path = Explore;
			sourceTree = "<group>";
		};
		57A4F1A51BCB47DA00BB72D4 /* My(我的) */ = {
			isa = PBXGroup;
			children = (
			);
			name = "My(我的)";
			path = My;
			sourceTree = "<group>";
		};
		57A4F1A61BCB47DA00BB72D4 /* Tools */ = {
			isa = PBXGroup;
			children = (
			);
			path = Tools;
			sourceTree = "<group>";
		};
		794C35F6235D11121BECA389 /* Frameworks */ = {
			isa = PBXGroup;
			children = (
				A997B3CFE4847447731E48F4 /* libPods.a */,
			);
			name = Frameworks;
			sourceTree = "<group>";
		};
		7B4517833B414A7AC599D335 /* Pods */ = {
			isa = PBXGroup;
			children = (
				7AE2413D3BB25E273E40A516 /* Pods.debug.xcconfig */,
				19BB5DF0D0B25747D507C748 /* Pods.release.xcconfig */,
			);
			name = Pods;
			sourceTree = "<group>";
		};
/* End PBXGroup section */

/* Begin PBXNativeTarget section */
		57A4F16A1BC91F8200BB72D4 /* SmallDay */ = {
			isa = PBXNativeTarget;
			buildConfigurationList = 57A4F1981BC91F8200BB72D4 /* Build configuration list for PBXNativeTarget "SmallDay" */;
			buildPhases = (
				DD558E99924126734AC3D4DB /* Check Pods Manifest.lock */,
				57A4F1671BC91F8200BB72D4 /* Sources */,
				57A4F1681BC91F8200BB72D4 /* Frameworks */,
				57A4F1691BC91F8200BB72D4 /* Resources */,
				741F8E6F58BDD6998E3E985A /* Embed Pods Frameworks */,
				E743A8FCF50589A253C41A65 /* Copy Pods Resources */,
			);
			buildRules = (
			);
			dependencies = (
			);
			name = SmallDay;
			productName = SmallDay;
			productReference = 57A4F16B1BC91F8200BB72D4 /* SmallDay.app */;
			productType = "com.apple.product-type.application";
		};
		57A4F1831BC91F8200BB72D4 /* SmallDayTests */ = {
			isa = PBXNativeTarget;
			buildConfigurationList = 57A4F19B1BC91F8200BB72D4 /* Build configuration list for PBXNativeTarget "SmallDayTests" */;
			buildPhases = (
				57A4F1801BC91F8200BB72D4 /* Sources */,
				57A4F1811BC91F8200BB72D4 /* Frameworks */,
				57A4F1821BC91F8200BB72D4 /* Resources */,
			);
			buildRules = (
			);
			dependencies = (
				57A4F1861BC91F8200BB72D4 /* PBXTargetDependency */,
			);
			name = SmallDayTests;
			productName = SmallDayTests;
			productReference = 57A4F1841BC91F8200BB72D4 /* SmallDayTests.xctest */;
			productType = "com.apple.product-type.bundle.unit-test";
		};
		57A4F18E1BC91F8200BB72D4 /* SmallDayUITests */ = {
			isa = PBXNativeTarget;
			buildConfigurationList = 57A4F19E1BC91F8200BB72D4 /* Build configuration list for PBXNativeTarget "SmallDayUITests" */;
			buildPhases = (
				57A4F18B1BC91F8200BB72D4 /* Sources */,
				57A4F18C1BC91F8200BB72D4 /* Frameworks */,
				57A4F18D1BC91F8200BB72D4 /* Resources */,
			);
			buildRules = (
			);
			dependencies = (
				57A4F1911BC91F8200BB72D4 /* PBXTargetDependency */,
			);
			name = SmallDayUITests;
			productName = SmallDayUITests;
			productReference = 57A4F18F1BC91F8200BB72D4 /* SmallDayUITests.xctest */;
			productType = "com.apple.product-type.bundle.ui-testing";
		};
/* End PBXNativeTarget section */

/* Begin PBXProject section */
		57A4F1631BC91F8200BB72D4 /* Project object */ = {
			isa = PBXProject;
			attributes = {
				CLASSPREFIX = WU;
				LastUpgradeCheck = 0700;
				ORGANIZATIONNAME = "吴启晗";
				TargetAttributes = {
					57A4F16A1BC91F8200BB72D4 = {
						CreatedOnToolsVersion = 7.0;
					};
					57A4F1831BC91F8200BB72D4 = {
						CreatedOnToolsVersion = 7.0;
						TestTargetID = 57A4F16A1BC91F8200BB72D4;
					};
					57A4F18E1BC91F8200BB72D4 = {
						CreatedOnToolsVersion = 7.0;
						TestTargetID = 57A4F16A1BC91F8200BB72D4;
					};
				};
			};
			buildConfigurationList = 57A4F1661BC91F8200BB72D4 /* Build configuration list for PBXProject "SmallDay" */;
			compatibilityVersion = "Xcode 3.2";
			developmentRegion = English;
			hasScannedForEncodings = 0;
			knownRegions = (
				en,
				Base,
			);
			mainGroup = 57A4F1621BC91F8200BB72D4;
			productRefGroup = 57A4F16C1BC91F8200BB72D4 /* Products */;
			projectDirPath = "";
			projectRoot = "";
			targets = (
				57A4F16A1BC91F8200BB72D4 /* SmallDay */,
				57A4F1831BC91F8200BB72D4 /* SmallDayTests */,
				57A4F18E1BC91F8200BB72D4 /* SmallDayUITests */,
			);
		};
/* End PBXProject section */

/* Begin PBXResourcesBuildPhase section */
		57A4F1691BC91F8200BB72D4 /* Resources */ = {
			isa = PBXResourcesBuildPhase;
			buildActionMask = 2147483647;
			files = (
				57A4F17E1BC91F8200BB72D4 /* LaunchScreen.storyboard in Resources */,
				57A4F17B1BC91F8200BB72D4 /* Assets.xcassets in Resources */,
				57A4F1791BC91F8200BB72D4 /* Main.storyboard in Resources */,
			);
			runOnlyForDeploymentPostprocessing = 0;
		};
		57A4F1821BC91F8200BB72D4 /* Resources */ = {
			isa = PBXResourcesBuildPhase;
			buildActionMask = 2147483647;
			files = (
			);
			runOnlyForDeploymentPostprocessing = 0;
		};
		57A4F18D1BC91F8200BB72D4 /* Resources */ = {
			isa = PBXResourcesBuildPhase;
			buildActionMask = 2147483647;
			files = (
			);
			runOnlyForDeploymentPostprocessing = 0;
		};
/* End PBXResourcesBuildPhase section */

/* Begin PBXShellScriptBuildPhase section */
		741F8E6F58BDD6998E3E985A /* Embed Pods Frameworks */ = {
			isa = PBXShellScriptBuildPhase;
			buildActionMask = 2147483647;
			files = (
			);
			inputPaths = (
			);
			name = "Embed Pods Frameworks";
			outputPaths = (
			);
			runOnlyForDeploymentPostprocessing = 0;
			shellPath = /bin/sh;
			shellScript = "\"${SRCROOT}/Pods/Target Support Files/Pods/Pods-frameworks.sh\"\n";
			showEnvVarsInLog = 0;
		};
		DD558E99924126734AC3D4DB /* Check Pods Manifest.lock */ = {
			isa = PBXShellScriptBuildPhase;
			buildActionMask = 2147483647;
			files = (
			);
			inputPaths = (
			);
			name = "Check Pods Manifest.lock";
			outputPaths = (
			);
			runOnlyForDeploymentPostprocessing = 0;
			shellPath = /bin/sh;
			shellScript = "diff \"${PODS_ROOT}/../Podfile.lock\" \"${PODS_ROOT}/Manifest.lock\" > /dev/null\nif [[ $? != 0 ]] ; then\n    cat << EOM\nerror: The sandbox is not in sync with the Podfile.lock. Run 'pod install' or update your CocoaPods installation.\nEOM\n    exit 1\nfi\n";
			showEnvVarsInLog = 0;
		};
		E743A8FCF50589A253C41A65 /* Copy Pods Resources */ = {
			isa = PBXShellScriptBuildPhase;
			buildActionMask = 2147483647;
			files = (
			);
			inputPaths = (
			);
			name = "Copy Pods Resources";
			outputPaths = (
			);
			runOnlyForDeploymentPostprocessing = 0;
			shellPath = /bin/sh;
			shellScript = "\"${SRCROOT}/Pods/Target Support Files/Pods/Pods-resources.sh\"\n";
			showEnvVarsInLog = 0;
		};
/* End PBXShellScriptBuildPhase section */

/* Begin PBXSourcesBuildPhase section */
		57A4F1671BC91F8200BB72D4 /* Sources */ = {
			isa = PBXSourcesBuildPhase;
			buildActionMask = 2147483647;
			files = (
				57A4F1731BC91F8200BB72D4 /* AppDelegate.m in Sources */,
				57A4F1701BC91F8200BB72D4 /* main.m in Sources */,
				57A4F1A91BCB49A600BB72D4 /* WUBaseViewController.m in Sources */,
			);
			runOnlyForDeploymentPostprocessing = 0;
		};
		57A4F1801BC91F8200BB72D4 /* Sources */ = {
			isa = PBXSourcesBuildPhase;
			buildActionMask = 2147483647;
			files = (
				57A4F1891BC91F8200BB72D4 /* SmallDayTests.m in Sources */,
			);
			runOnlyForDeploymentPostprocessing = 0;
		};
		57A4F18B1BC91F8200BB72D4 /* Sources */ = {
			isa = PBXSourcesBuildPhase;
			buildActionMask = 2147483647;
			files = (
				57A4F1941BC91F8200BB72D4 /* SmallDayUITests.m in Sources */,
			);
			runOnlyForDeploymentPostprocessing = 0;
		};
/* End PBXSourcesBuildPhase section */

/* Begin PBXTargetDependency section */
		57A4F1861BC91F8200BB72D4 /* PBXTargetDependency */ = {
			isa = PBXTargetDependency;
			target = 57A4F16A1BC91F8200BB72D4 /* SmallDay */;
			targetProxy = 57A4F1851BC91F8200BB72D4 /* PBXContainerItemProxy */;
		};
		57A4F1911BC91F8200BB72D4 /* PBXTargetDependency */ = {
			isa = PBXTargetDependency;
			target = 57A4F16A1BC91F8200BB72D4 /* SmallDay */;
			targetProxy = 57A4F1901BC91F8200BB72D4 /* PBXContainerItemProxy */;
		};
/* End PBXTargetDependency section */

/* Begin PBXVariantGroup section */
		57A4F1771BC91F8200BB72D4 /* Main.storyboard */ = {
			isa = PBXVariantGroup;
			children = (
				57A4F1781BC91F8200BB72D4 /* Base */,
			);
			name = Main.storyboard;
			sourceTree = "<group>";
		};
		57A4F17C1BC91F8200BB72D4 /* LaunchScreen.storyboard */ = {
			isa = PBXVariantGroup;
			children = (
				57A4F17D1BC91F8200BB72D4 /* Base */,
			);
			name = LaunchScreen.storyboard;
			sourceTree = "<group>";
		};
/* End PBXVariantGroup section */

/* Begin XCBuildConfiguration section */
		57A4F1961BC91F8200BB72D4 /* Debug */ = {
			isa = XCBuildConfiguration;
			buildSettings = {
				ALWAYS_SEARCH_USER_PATHS = NO;
				CLANG_CXX_LANGUAGE_STANDARD = "gnu++0x";
				CLANG_CXX_LIBRARY = "libc++";
				CLANG_ENABLE_MODULES = YES;
				CLANG_ENABLE_OBJC_ARC = YES;
				CLANG_WARN_BOOL_CONVERSION = YES;
				CLANG_WARN_CONSTANT_CONVERSION = YES;
				CLANG_WARN_DIRECT_OBJC_ISA_USAGE = YES_ERROR;
				CLANG_WARN_EMPTY_BODY = YES;
				CLANG_WARN_ENUM_CONVERSION = YES;
				CLANG_WARN_INT_CONVERSION = YES;
				CLANG_WARN_OBJC_ROOT_CLASS = YES_ERROR;
				CLANG_WARN_UNREACHABLE_CODE = YES;
				CLANG_WARN__DUPLICATE_METHOD_MATCH = YES;
				"CODE_SIGN_IDENTITY[sdk=iphoneos*]" = "iPhone Developer";
				COPY_PHASE_STRIP = NO;
				DEBUG_INFORMATION_FORMAT = dwarf;
				ENABLE_STRICT_OBJC_MSGSEND = YES;
				ENABLE_TESTABILITY = YES;
				GCC_C_LANGUAGE_STANDARD = gnu99;
				GCC_DYNAMIC_NO_PIC = NO;
				GCC_NO_COMMON_BLOCKS = YES;
				GCC_OPTIMIZATION_LEVEL = 0;
				GCC_PREPROCESSOR_DEFINITIONS = (
					"DEBUG=1",
					"$(inherited)",
				);
				GCC_WARN_64_TO_32_BIT_CONVERSION = YES;
				GCC_WARN_ABOUT_RETURN_TYPE = YES_ERROR;
				GCC_WARN_UNDECLARED_SELECTOR = YES;
				GCC_WARN_UNINITIALIZED_AUTOS = YES_AGGRESSIVE;
				GCC_WARN_UNUSED_FUNCTION = YES;
				GCC_WARN_UNUSED_VARIABLE = YES;
				IPHONEOS_DEPLOYMENT_TARGET = 9.0;
				MTL_ENABLE_DEBUG_INFO = YES;
				ONLY_ACTIVE_ARCH = YES;
				SDKROOT = iphoneos;
			};
			name = Debug;
		};
		57A4F1971BC91F8200BB72D4 /* Release */ = {
			isa = XCBuildConfiguration;
			buildSettings = {
				ALWAYS_SEARCH_USER_PATHS = NO;
				CLANG_CXX_LANGUAGE_STANDARD = "gnu++0x";
				CLANG_CXX_LIBRARY = "libc++";
				CLANG_ENABLE_MODULES = YES;
				CLANG_ENABLE_OBJC_ARC = YES;
				CLANG_WARN_BOOL_CONVERSION = YES;
				CLANG_WARN_CONSTANT_CONVERSION = YES;
				CLANG_WARN_DIRECT_OBJC_ISA_USAGE = YES_ERROR;
				CLANG_WARN_EMPTY_BODY = YES;
				CLANG_WARN_ENUM_CONVERSION = YES;
				CLANG_WARN_INT_CONVERSION = YES;
				CLANG_WARN_OBJC_ROOT_CLASS = YES_ERROR;
				CLANG_WARN_UNREACHABLE_CODE = YES;
				CLANG_WARN__DUPLICATE_METHOD_MATCH = YES;
				"CODE_SIGN_IDENTITY[sdk=iphoneos*]" = "iPhone Developer";
				COPY_PHASE_STRIP = NO;
				DEBUG_INFORMATION_FORMAT = "dwarf-with-dsym";
				ENABLE_NS_ASSERTIONS = NO;
				ENABLE_STRICT_OBJC_MSGSEND = YES;
				GCC_C_LANGUAGE_STANDARD = gnu99;
				GCC_NO_COMMON_BLOCKS = YES;
				GCC_WARN_64_TO_32_BIT_CONVERSION = YES;
				GCC_WARN_ABOUT_RETURN_TYPE = YES_ERROR;
				GCC_WARN_UNDECLARED_SELECTOR = YES;
				GCC_WARN_UNINITIALIZED_AUTOS = YES_AGGRESSIVE;
				GCC_WARN_UNUSED_FUNCTION = YES;
				GCC_WARN_UNUSED_VARIABLE = YES;
				IPHONEOS_DEPLOYMENT_TARGET = 9.0;
				MTL_ENABLE_DEBUG_INFO = NO;
				SDKROOT = iphoneos;
				VALIDATE_PRODUCT = YES;
			};
			name = Release;
		};
		57A4F1991BC91F8200BB72D4 /* Debug */ = {
			isa = XCBuildConfiguration;
			baseConfigurationReference = 7AE2413D3BB25E273E40A516 /* Pods.debug.xcconfig */;
			buildSettings = {
				ASSETCATALOG_COMPILER_APPICON_NAME = AppIcon;
				INFOPLIST_FILE = SmallDay/Info.plist;
				LD_RUNPATH_SEARCH_PATHS = "$(inherited) @executable_path/Frameworks";
				PRODUCT_BUNDLE_IDENTIFIER = com.wqh.SmallDay;
				PRODUCT_NAME = "$(TARGET_NAME)";
			};
			name = Debug;
		};
		57A4F19A1BC91F8200BB72D4 /* Release */ = {
			isa = XCBuildConfiguration;
			baseConfigurationReference = 19BB5DF0D0B25747D507C748 /* Pods.release.xcconfig */;
			buildSettings = {
				ASSETCATALOG_COMPILER_APPICON_NAME = AppIcon;
				INFOPLIST_FILE = SmallDay/Info.plist;
				LD_RUNPATH_SEARCH_PATHS = "$(inherited) @executable_path/Frameworks";
				PRODUCT_BUNDLE_IDENTIFIER = com.wqh.SmallDay;
				PRODUCT_NAME = "$(TARGET_NAME)";
			};
			name = Release;
		};
		57A4F19C1BC91F8200BB72D4 /* Debug */ = {
			isa = XCBuildConfiguration;
			buildSettings = {
				BUNDLE_LOADER = "$(TEST_HOST)";
				INFOPLIST_FILE = SmallDayTests/Info.plist;
				LD_RUNPATH_SEARCH_PATHS = "$(inherited) @executable_path/Frameworks @loader_path/Frameworks";
				PRODUCT_BUNDLE_IDENTIFIER = com.wqh.SmallDayTests;
				PRODUCT_NAME = "$(TARGET_NAME)";
				TEST_HOST = "$(BUILT_PRODUCTS_DIR)/SmallDay.app/SmallDay";
			};
			name = Debug;
		};
		57A4F19D1BC91F8200BB72D4 /* Release */ = {
			isa = XCBuildConfiguration;
			buildSettings = {
				BUNDLE_LOADER = "$(TEST_HOST)";
				INFOPLIST_FILE = SmallDayTests/Info.plist;
				LD_RUNPATH_SEARCH_PATHS = "$(inherited) @executable_path/Frameworks @loader_path/Frameworks";
				PRODUCT_BUNDLE_IDENTIFIER = com.wqh.SmallDayTests;
				PRODUCT_NAME = "$(TARGET_NAME)";
				TEST_HOST = "$(BUILT_PRODUCTS_DIR)/SmallDay.app/SmallDay";
			};
			name = Release;
		};
		57A4F19F1BC91F8200BB72D4 /* Debug */ = {
			isa = XCBuildConfiguration;
			buildSettings = {
				INFOPLIST_FILE = SmallDayUITests/Info.plist;
				LD_RUNPATH_SEARCH_PATHS = "$(inherited) @executable_path/Frameworks @loader_path/Frameworks";
				PRODUCT_BUNDLE_IDENTIFIER = com.wqh.SmallDayUITests;
				PRODUCT_NAME = "$(TARGET_NAME)";
				TEST_TARGET_NAME = SmallDay;
				USES_XCTRUNNER = YES;
			};
			name = Debug;
		};
		57A4F1A01BC91F8200BB72D4 /* Release */ = {
			isa = XCBuildConfiguration;
			buildSettings = {
				INFOPLIST_FILE = SmallDayUITests/Info.plist;
				LD_RUNPATH_SEARCH_PATHS = "$(inherited) @executable_path/Frameworks @loader_path/Frameworks";
				PRODUCT_BUNDLE_IDENTIFIER = com.wqh.SmallDayUITests;
				PRODUCT_NAME = "$(TARGET_NAME)";
				TEST_TARGET_NAME = SmallDay;
				USES_XCTRUNNER = YES;
			};
			name = Release;
		};
/* End XCBuildConfiguration section */

/* Begin XCConfigurationList section */
		57A4F1661BC91F8200BB72D4 /* Build configuration list for PBXProject "SmallDay" */ = {
			isa = XCConfigurationList;
			buildConfigurations = (
				57A4F1961BC91F8200BB72D4 /* Debug */,
				57A4F1971BC91F8200BB72D4 /* Release */,
			);
			defaultConfigurationIsVisible = 0;
			defaultConfigurationName = Release;
		};
		57A4F1981BC91F8200BB72D4 /* Build configuration list for PBXNativeTarget "SmallDay" */ = {
			isa = XCConfigurationList;
			buildConfigurations = (
				57A4F1991BC91F8200BB72D4 /* Debug */,
				57A4F19A1BC91F8200BB72D4 /* Release */,
			);
			defaultConfigurationIsVisible = 0;
			defaultConfigurationName = Release;
		};
		57A4F19B1BC91F8200BB72D4 /* Build configuration list for PBXNativeTarget "SmallDayTests" */ = {
			isa = XCConfigurationList;
			buildConfigurations = (
				57A4F19C1BC91F8200BB72D4 /* Debug */,
				57A4F19D1BC91F8200BB72D4 /* Release */,
			);
			defaultConfigurationIsVisible = 0;
			defaultConfigurationName = Release;
		};
		57A4F19E1BC91F8200BB72D4 /* Build configuration list for PBXNativeTarget "SmallDayUITests" */ = {
			isa = XCConfigurationList;
			buildConfigurations = (
				57A4F19F1BC91F8200BB72D4 /* Debug */,
				57A4F1A01BC91F8200BB72D4 /* Release */,
			);
			defaultConfigurationIsVisible = 0;
			defaultConfigurationName = Release;
		};
/* End XCConfigurationList section */
	};
	rootObject = 57A4F1631BC91F8200BB72D4 /* Project object */;
}
